
Microsoft Visual Studio Solution File, Format Version 12.00
# Visual Studio 15
VisualStudioVersion = 15.0.27428.2015
MinimumVisualStudioVersion = 10.0.40219.1
Project("{FAE04EC0-301F-11D3-BF4B-00C04F79EFBC}") = "WpfUtilV1", "WpfUtilV1.csproj", "{09C6F85F-76F9-403A-BE75-5EC25DF55475}"
EndProject
Global
	GlobalSection(SolutionConfigurationPlatforms) = preSolution
		Debug|Any CPU = Debug|Any CPU
		Release|Any CPU = Release|Any CPU
	EndGlobalSection
	GlobalSection(ProjectConfigurationPlatforms) = postSolution
		{09C6F85F-76F9-403A-BE75-5EC25DF55475}.Debug|Any CPU.ActiveCfg = Debug|Any CPU
		{09C6F85F-76F9-403A-BE75-5EC25DF55475}.Debug|Any CPU.Build.0 = Debug|Any CPU
		{09C6F85F-76F9-403A-BE75-5EC25DF55475}.Release|Any CPU.ActiveCfg = Release|Any CPU
		{09C6F85F-76F9-403A-BE75-5EC25DF55475}.Release|Any CPU.Build.0 = Release|Any CPU
	EndGlobalSection
	GlobalSection(SolutionProperties) = preSolution
		HideSolutionNode = FALSE
	EndGlobalSection
	GlobalSection(ExtensibilityGlobals) = postSolution
		SolutionGuid = {67BE5AF3-7D24-4DF6-BB70-B9DE2CF1D67A}
	EndGlobalSection
EndGlobal
